
Microsoft Visual Studio Solution File, Format Version 12.00
# Visual Studio 2012
Project("{8BC9CEB8-8B4A-11D0-8D11-00A0C91BC942}") = "breakthrough", "breakthrough\breakthrough.vcxproj", "{B077ADBF-DED5-4596-8D7B-4D2176BE257F}"
EndProject
Project("{8BC9CEB8-8B4A-11D0-8D11-00A0C91BC942}") = "breakthrough_random", "breakthrough_random\breakthrough_random.vcxproj", "{64BC6FD3-00BF-4708-ADA1-184880FC66E0}"
EndProject
Global
	GlobalSection(SolutionConfigurationPlatforms) = preSolution
		Debug|Win32 = Debug|Win32
		Release|Win32 = Release|Win32
	EndGlobalSection
	GlobalSection(ProjectConfigurationPlatforms) = postSolution
		{B077ADBF-DED5-4596-8D7B-4D2176BE257F}.Debug|Win32.ActiveCfg = Debug|Win32
		{B077ADBF-DED5-4596-8D7B-4D2176BE257F}.Debug|Win32.Build.0 = Debug|Win32
		{B077ADBF-DED5-4596-8D7B-4D2176BE257F}.Release|Win32.ActiveCfg = Release|Win32
		{B077ADBF-DED5-4596-8D7B-4D2176BE257F}.Release|Win32.Build.0 = Release|Win32
		{64BC6FD3-00BF-4708-ADA1-184880FC66E0}.Debug|Win32.ActiveCfg = Debug|Win32
		{64BC6FD3-00BF-4708-ADA1-184880FC66E0}.Debug|Win32.Build.0 = Debug|Win32
		{64BC6FD3-00BF-4708-ADA1-184880FC66E0}.Release|Win32.ActiveCfg = Release|Win32
		{64BC6FD3-00BF-4708-ADA1-184880FC66E0}.Release|Win32.Build.0 = Release|Win32
	EndGlobalSection
	GlobalSection(SolutionProperties) = preSolution
		HideSolutionNode = FALSE
	EndGlobalSection
EndGlobal
